
Microsoft Visual Studio Solution File, Format Version 12.00
# Visual Studio Version 17
VisualStudioVersion = 17.14.36301.6 d17.14
MinimumVisualStudioVersion = 10.0.40219.1
Project("{FAE04EC0-301F-11D3-BF4B-00C04F79EFBC}") = "Cafeteria Credit & Ordering System", "Cafeteria Credit & Ordering System.csproj", "{3005A72A-6046-45DE-8E84-FFD1EF9BACDA}"
EndProject
Global
	GlobalSection(SolutionConfigurationPlatforms) = preSolution
		Debug|Any CPU = Debug|Any CPU
		Release|Any CPU = Release|Any CPU
	EndGlobalSection
	GlobalSection(ProjectConfigurationPlatforms) = postSolution
		{3005A72A-6046-45DE-8E84-FFD1EF9BACDA}.Debug|Any CPU.ActiveCfg = Debug|Any CPU
		{3005A72A-6046-45DE-8E84-FFD1EF9BACDA}.Debug|Any CPU.Build.0 = Debug|Any CPU
		{3005A72A-6046-45DE-8E84-FFD1EF9BACDA}.Release|Any CPU.ActiveCfg = Release|Any CPU
		{3005A72A-6046-45DE-8E84-FFD1EF9BACDA}.Release|Any CPU.Build.0 = Release|Any CPU
	EndGlobalSection
	GlobalSection(SolutionProperties) = preSolution
		HideSolutionNode = FALSE
	EndGlobalSection
	GlobalSection(ExtensibilityGlobals) = postSolution
		SolutionGuid = {FB172487-62A1-4E35-B46D-D4105EF20EF9}
	EndGlobalSection
EndGlobal
